
Microsoft Visual Studio Solution File, Format Version 12.00
# Visual Studio Version 16
VisualStudioVersion = 16.0.31129.286
MinimumVisualStudioVersion = 10.0.40219.1
Project("{8BC9CEB8-8B4A-11D0-8D11-00A0C91BC942}") = "vidmode", "vidmode.vcxproj", "{58322F66-C8BA-41AB-BE19-DEF59877A765}"
EndProject
Global
	GlobalSection(SolutionConfigurationPlatforms) = preSolution
		Release|x86 = Release|x86
		Release|x64 = Release|x64
		Debug|x86 = Debug|x86
		Debug|x64 = Debug|x64
	EndGlobalSection
	GlobalSection(ProjectConfigurationPlatforms) = postSolution
		{58322F66-C8BA-41AB-BE19-DEF59877A765}.Release|x86.ActiveCfg = Release|Win32
		{58322F66-C8BA-41AB-BE19-DEF59877A765}.Release|x86.Build.0 = Release|Win32
		{58322F66-C8BA-41AB-BE19-DEF59877A765}.Release|x64.ActiveCfg = Release|x64
		{58322F66-C8BA-41AB-BE19-DEF59877A765}.Release|x64.Build.0 = Release|x64
		{58322F66-C8BA-41AB-BE19-DEF59877A765}.Debug|x86.ActiveCfg = Debug|Win32
		{58322F66-C8BA-41AB-BE19-DEF59877A765}.Debug|x86.Build.0 = Debug|Win32
		{58322F66-C8BA-41AB-BE19-DEF59877A765}.Debug|x64.ActiveCfg = Debug|x64
		{58322F66-C8BA-41AB-BE19-DEF59877A765}.Debug|x64.Build.0 = Debug|x64
	EndGlobalSection
	GlobalSection(SolutionProperties) = preSolution
		HideSolutionNode = FALSE
	EndGlobalSection
	GlobalSection(ExtensibilityGlobals) = postSolution
		SolutionGuid = {440DF4B3-493A-4108-9459-C81BB155B71E}
	EndGlobalSection
EndGlobal
